
Microsoft Visual Studio Solution File, Format Version 12.00
# Visual Studio Version 16
VisualStudioVersion = 16.0.32126.315
MinimumVisualStudioVersion = 10.0.40219.1
Project("{8BC9CEB8-8B4A-11D0-8D11-00A0C91BC942}") = "11-10_Hash", "11-10_Hash.vcxproj", "{32B437FB-45ED-4B73-88F1-C19576A20C7C}"
EndProject
Global
	GlobalSection(SolutionConfigurationPlatforms) = preSolution
		Debug|x64 = Debug|x64
		Debug|x86 = Debug|x86
		Release|x64 = Release|x64
		Release|x86 = Release|x86
	EndGlobalSection
	GlobalSection(ProjectConfigurationPlatforms) = postSolution
		{32B437FB-45ED-4B73-88F1-C19576A20C7C}.Debug|x64.ActiveCfg = Debug|x64
		{32B437FB-45ED-4B73-88F1-C19576A20C7C}.Debug|x64.Build.0 = Debug|x64
		{32B437FB-45ED-4B73-88F1-C19576A20C7C}.Debug|x86.ActiveCfg = Debug|Win32
		{32B437FB-45ED-4B73-88F1-C19576A20C7C}.Debug|x86.Build.0 = Debug|Win32
		{32B437FB-45ED-4B73-88F1-C19576A20C7C}.Release|x64.ActiveCfg = Release|x64
		{32B437FB-45ED-4B73-88F1-C19576A20C7C}.Release|x64.Build.0 = Release|x64
		{32B437FB-45ED-4B73-88F1-C19576A20C7C}.Release|x86.ActiveCfg = Release|Win32
		{32B437FB-45ED-4B73-88F1-C19576A20C7C}.Release|x86.Build.0 = Release|Win32
	EndGlobalSection
	GlobalSection(SolutionProperties) = preSolution
		HideSolutionNode = FALSE
	EndGlobalSection
	GlobalSection(ExtensibilityGlobals) = postSolution
		SolutionGuid = {088A2241-D983-4A60-9C2D-13407C860886}
	EndGlobalSection
EndGlobal
